
Microsoft Visual Studio Solution File, Format Version 12.00
# Visual Studio 14
VisualStudioVersion = 14.0.25420.1
MinimumVisualStudioVersion = 10.0.40219.1
Project("{FAE04EC0-301F-11D3-BF4B-00C04F79EFBC}") = "TodoWebApp", "TodoWebApp\TodoWebApp.csproj", "{09F9DF4E-6039-4455-BDB3-2D3DCD12B5F9}"
EndProject
Project("{FAE04EC0-301F-11D3-BF4B-00C04F79EFBC}") = "TodoWebApp.Tests", "TodoWebApp.Tests\TodoWebApp.Tests.csproj", "{07A8CBA8-239B-4216-B59F-80643DB4308C}"
EndProject
Global
	GlobalSection(SolutionConfigurationPlatforms) = preSolution
		Debug|Any CPU = Debug|Any CPU
		Release|Any CPU = Release|Any CPU
	EndGlobalSection
	GlobalSection(ProjectConfigurationPlatforms) = postSolution
		{09F9DF4E-6039-4455-BDB3-2D3DCD12B5F9}.Debug|Any CPU.ActiveCfg = Debug|Any CPU
		{09F9DF4E-6039-4455-BDB3-2D3DCD12B5F9}.Debug|Any CPU.Build.0 = Debug|Any CPU
		{09F9DF4E-6039-4455-BDB3-2D3DCD12B5F9}.Release|Any CPU.ActiveCfg = Release|Any CPU
		{09F9DF4E-6039-4455-BDB3-2D3DCD12B5F9}.Release|Any CPU.Build.0 = Release|Any CPU
		{07A8CBA8-239B-4216-B59F-80643DB4308C}.Debug|Any CPU.ActiveCfg = Debug|Any CPU
		{07A8CBA8-239B-4216-B59F-80643DB4308C}.Debug|Any CPU.Build.0 = Debug|Any CPU
		{07A8CBA8-239B-4216-B59F-80643DB4308C}.Release|Any CPU.ActiveCfg = Release|Any CPU
		{07A8CBA8-239B-4216-B59F-80643DB4308C}.Release|Any CPU.Build.0 = Release|Any CPU
	EndGlobalSection
	GlobalSection(SolutionProperties) = preSolution
		HideSolutionNode = FALSE
	EndGlobalSection
EndGlobal
